
Microsoft Visual Studio Solution File, Format Version 12.00
# Visual Studio Version 17
VisualStudioVersion = 17.8.34330.188
MinimumVisualStudioVersion = 10.0.40219.1
Project("{FAE04EC0-301F-11D3-BF4B-00C04F79EFBC}") = "OrbitAOS.V6", "OrbitAOS.V6\OrbitAOS.V6.csproj", "{60CC7D2A-E113-4BEB-9997-EF84338AD8C9}"
EndProject
Project("{FAE04EC0-301F-11D3-BF4B-00C04F79EFBC}") = "OrbitAOS.V6.Tests", "OrbitAOS.V6.Tests\OrbitAOS.V6.Tests.csproj", "{B2C3D4E5-F6A7-8901-BCDE-F12345678901}"
EndProject
Project("{2150E333-8FDC-42A3-9474-1A3956D46DE8}") = "Tests", "Tests", "{0AB3BF05-4346-4AA6-1389-037BE0695223}"
EndProject
Project("{FAE04EC0-301F-11D3-BF4B-00C04F79EFBC}") = "OrbitAOS.V6.Tests", "Tests\OrbitAOS.V6.Tests\OrbitAOS.V6.Tests.csproj", "{D8E110A3-2E9F-458E-8E1C-5BF85C6D7AB6}"
EndProject
Global
	GlobalSection(SolutionConfigurationPlatforms) = preSolution
		Debug|Any CPU = Debug|Any CPU
		Debug|x64 = Debug|x64
		Debug|x86 = Debug|x86
		Release|Any CPU = Release|Any CPU
		Release|x64 = Release|x64
		Release|x86 = Release|x86
	EndGlobalSection
	GlobalSection(ProjectConfigurationPlatforms) = postSolution
		{60CC7D2A-E113-4BEB-9997-EF84338AD8C9}.Debug|Any CPU.ActiveCfg = Debug|Any CPU
		{60CC7D2A-E113-4BEB-9997-EF84338AD8C9}.Debug|Any CPU.Build.0 = Debug|Any CPU
		{60CC7D2A-E113-4BEB-9997-EF84338AD8C9}.Debug|x64.ActiveCfg = Debug|Any CPU
		{60CC7D2A-E113-4BEB-9997-EF84338AD8C9}.Debug|x64.Build.0 = Debug|Any CPU
		{60CC7D2A-E113-4BEB-9997-EF84338AD8C9}.Debug|x86.ActiveCfg = Debug|Any CPU
		{60CC7D2A-E113-4BEB-9997-EF84338AD8C9}.Debug|x86.Build.0 = Debug|Any CPU
		{60CC7D2A-E113-4BEB-9997-EF84338AD8C9}.Release|Any CPU.ActiveCfg = Release|Any CPU
		{60CC7D2A-E113-4BEB-9997-EF84338AD8C9}.Release|Any CPU.Build.0 = Release|Any CPU
		{60CC7D2A-E113-4BEB-9997-EF84338AD8C9}.Release|x64.ActiveCfg = Release|Any CPU
		{60CC7D2A-E113-4BEB-9997-EF84338AD8C9}.Release|x64.Build.0 = Release|Any CPU
		{60CC7D2A-E113-4BEB-9997-EF84338AD8C9}.Release|x86.ActiveCfg = Release|Any CPU
		{60CC7D2A-E113-4BEB-9997-EF84338AD8C9}.Release|x86.Build.0 = Release|Any CPU
		{B2C3D4E5-F6A7-8901-BCDE-F12345678901}.Debug|Any CPU.ActiveCfg = Debug|Any CPU
		{B2C3D4E5-F6A7-8901-BCDE-F12345678901}.Debug|Any CPU.Build.0 = Debug|Any CPU
		{B2C3D4E5-F6A7-8901-BCDE-F12345678901}.Debug|x64.ActiveCfg = Debug|Any CPU
		{B2C3D4E5-F6A7-8901-BCDE-F12345678901}.Debug|x64.Build.0 = Debug|Any CPU
		{B2C3D4E5-F6A7-8901-BCDE-F12345678901}.Debug|x86.ActiveCfg = Debug|Any CPU
		{B2C3D4E5-F6A7-8901-BCDE-F12345678901}.Debug|x86.Build.0 = Debug|Any CPU
		{B2C3D4E5-F6A7-8901-BCDE-F12345678901}.Release|Any CPU.ActiveCfg = Release|Any CPU
		{B2C3D4E5-F6A7-8901-BCDE-F12345678901}.Release|Any CPU.Build.0 = Release|Any CPU
		{B2C3D4E5-F6A7-8901-BCDE-F12345678901}.Release|x64.ActiveCfg = Release|Any CPU
		{B2C3D4E5-F6A7-8901-BCDE-F12345678901}.Release|x64.Build.0 = Release|Any CPU
		{B2C3D4E5-F6A7-8901-BCDE-F12345678901}.Release|x86.ActiveCfg = Release|Any CPU
		{B2C3D4E5-F6A7-8901-BCDE-F12345678901}.Release|x86.Build.0 = Release|Any CPU
		{D8E110A3-2E9F-458E-8E1C-5BF85C6D7AB6}.Debug|Any CPU.ActiveCfg = Debug|Any CPU
		{D8E110A3-2E9F-458E-8E1C-5BF85C6D7AB6}.Debug|Any CPU.Build.0 = Debug|Any CPU
		{D8E110A3-2E9F-458E-8E1C-5BF85C6D7AB6}.Debug|x64.ActiveCfg = Debug|Any CPU
		{D8E110A3-2E9F-458E-8E1C-5BF85C6D7AB6}.Debug|x64.Build.0 = Debug|Any CPU
		{D8E110A3-2E9F-458E-8E1C-5BF85C6D7AB6}.Debug|x86.ActiveCfg = Debug|Any CPU
		{D8E110A3-2E9F-458E-8E1C-5BF85C6D7AB6}.Debug|x86.Build.0 = Debug|Any CPU
		{D8E110A3-2E9F-458E-8E1C-5BF85C6D7AB6}.Release|Any CPU.ActiveCfg = Release|Any CPU
		{D8E110A3-2E9F-458E-8E1C-5BF85C6D7AB6}.Release|Any CPU.Build.0 = Release|Any CPU
		{D8E110A3-2E9F-458E-8E1C-5BF85C6D7AB6}.Release|x64.ActiveCfg = Release|Any CPU
		{D8E110A3-2E9F-458E-8E1C-5BF85C6D7AB6}.Release|x64.Build.0 = Release|Any CPU
		{D8E110A3-2E9F-458E-8E1C-5BF85C6D7AB6}.Release|x86.ActiveCfg = Release|Any CPU
		{D8E110A3-2E9F-458E-8E1C-5BF85C6D7AB6}.Release|x86.Build.0 = Release|Any CPU
	EndGlobalSection
	GlobalSection(SolutionProperties) = preSolution
		HideSolutionNode = FALSE
	EndGlobalSection
	GlobalSection(NestedProjects) = preSolution
		{D8E110A3-2E9F-458E-8E1C-5BF85C6D7AB6} = {0AB3BF05-4346-4AA6-1389-037BE0695223}
	EndGlobalSection
	GlobalSection(ExtensibilityGlobals) = postSolution
		SolutionGuid = {360CBEEE-F286-4823-A656-2825A82E521F}
	EndGlobalSection
EndGlobal
